
Microsoft Visual Studio Solution File, Format Version 12.00
# Visual Studio Version 16
VisualStudioVersion = 16.0.31402.337
MinimumVisualStudioVersion = 10.0.40219.1
Project("{8BC9CEB8-8B4A-11D0-8D11-00A0C91BC942}") = "display", "display\display.vcxproj", "{AA0E807D-BDB1-46C6-ADD9-8A075565DE20}"
EndProject
Global
	GlobalSection(SolutionConfigurationPlatforms) = preSolution
		Debug|x64 = Debug|x64
		Debug|x86 = Debug|x86
		Release|x64 = Release|x64
		Release|x86 = Release|x86
	EndGlobalSection
	GlobalSection(ProjectConfigurationPlatforms) = postSolution
		{AA0E807D-BDB1-46C6-ADD9-8A075565DE20}.Debug|x64.ActiveCfg = Debug|x64
		{AA0E807D-BDB1-46C6-ADD9-8A075565DE20}.Debug|x64.Build.0 = Debug|x64
		{AA0E807D-BDB1-46C6-ADD9-8A075565DE20}.Debug|x86.ActiveCfg = Debug|Win32
		{AA0E807D-BDB1-46C6-ADD9-8A075565DE20}.Debug|x86.Build.0 = Debug|Win32
		{AA0E807D-BDB1-46C6-ADD9-8A075565DE20}.Release|x64.ActiveCfg = Release|x64
		{AA0E807D-BDB1-46C6-ADD9-8A075565DE20}.Release|x64.Build.0 = Release|x64
		{AA0E807D-BDB1-46C6-ADD9-8A075565DE20}.Release|x86.ActiveCfg = Release|Win32
		{AA0E807D-BDB1-46C6-ADD9-8A075565DE20}.Release|x86.Build.0 = Release|Win32
	EndGlobalSection
	GlobalSection(SolutionProperties) = preSolution
		HideSolutionNode = FALSE
	EndGlobalSection
	GlobalSection(ExtensibilityGlobals) = postSolution
		SolutionGuid = {028E01AB-9BC8-4914-81C0-CFE11F843C55}
	EndGlobalSection
EndGlobal
